// !$*UTF8*$!
{
	archiveVersion = 1;
	classes = {
	};
	objectVersion = 46;
	objects = {

/* Begin PBXBuildFile section */
		30453E3272A5059BB1EA9F4B /* Foundation.framework in Frameworks */ = {isa = PBXBuildFile; fileRef = 53A1087E7F64D3A200DED3CE /* Foundation.framework */; };
		477ED7F7C93FE802CCD9DDF1 /* Foundation.framework in Frameworks */ = {isa = PBXBuildFile; fileRef = 53A1087E7F64D3A200DED3CE /* Foundation.framework */; };
		567A0A26FD298C666A1A6D2D /* AppDelegate.swift in Sources */ = {isa = PBXBuildFile; fileRef = 4F0DE8AE9562223B2EE52839 /* AppDelegate.swift */; };
		A1E1F29C60F0083980FF6C5F /* JevAgentUITests.swift in Sources */ = {isa = PBXBuildFile; fileRef = 273E3ACA96586762483AFEFE /* JevAgentUITests.swift */; };
/* End PBXBuildFile section */

/* Begin PBXContainerItemProxy section */
		6FA0F3C69EEE3BDD8CE1B89C /* PBXContainerItemProxy */ = {
			isa = PBXContainerItemProxy;
			containerPortal = D7E820E7ED9A4D366034F533 /* Project object */;
			proxyType = 1;
			remoteGlobalIDString = 82CBF9D44F15D82CB039A299;
			remoteInfo = JevAgentHost;
		};
/* End PBXContainerItemProxy section */

/* Begin PBXFileReference section */
		273E3ACA96586762483AFEFE /* JevAgentUITests.swift */ = {isa = PBXFileReference; includeInIndex = 1; lastKnownFileType = sourcecode.swift; path = JevAgentUITests.swift; sourceTree = "<group>"; };
		4F0DE8AE9562223B2EE52839 /* AppDelegate.swift */ = {isa = PBXFileReference; includeInIndex = 1; lastKnownFileType = sourcecode.swift; path = AppDelegate.swift; sourceTree = "<group>"; };
		53A1087E7F64D3A200DED3CE /* Foundation.framework */ = {isa = PBXFileReference; lastKnownFileType = wrapper.framework; name = Foundation.framework; path = Platforms/iPhoneOS.platform/Developer/SDKs/iPhoneOS18.0.sdk/System/Library/Frameworks/Foundation.framework; sourceTree = DEVELOPER_DIR; };
		5646DAB2350100A47913C1A9 /* JevAgentHost.app */ = {isa = PBXFileReference; explicitFileType = wrapper.application; includeInIndex = 0; path = JevAgentHost.app; sourceTree = BUILT_PRODUCTS_DIR; };
		E8937F498574D8B7F7C497BA /* JevAgentUITests.xctest */ = {isa = PBXFileReference; explicitFileType = wrapper.cfbundle; includeInIndex = 0; path = JevAgentUITests.xctest; sourceTree = BUILT_PRODUCTS_DIR; };
/* End PBXFileReference section */

/* Begin PBXFrameworksBuildPhase section */
		7BBEA300BFB6BC15B2BAA893 /* Frameworks */ = {
			isa = PBXFrameworksBuildPhase;
			buildActionMask = 2147483647;
			files = (
				30453E3272A5059BB1EA9F4B /* Foundation.framework in Frameworks */,
			);
			runOnlyForDeploymentPostprocessing = 0;
		};
		88E0FA65B536582060686D16 /* Frameworks */ = {
			isa = PBXFrameworksBuildPhase;
			buildActionMask = 2147483647;
			files = (
				477ED7F7C93FE802CCD9DDF1 /* Foundation.framework in Frameworks */,
			);
			runOnlyForDeploymentPostprocessing = 0;
		};
/* End PBXFrameworksBuildPhase section */

/* Begin PBXGroup section */
		26D7E1F8CED0240BD9B9AED1 = {
			isa = PBXGroup;
			children = (
				E06C66A30B4688CAF49C8760 /* Products */,
				43E96B76CF65B4848D76CCF6 /* Frameworks */,
				7A6A5EB9D44FF0B92B2E27FD /* AgentHost */,
				826BC9BDDE3A8DE7D9E9B8AB /* AgentUITests */,
			);
			sourceTree = "<group>";
		};
		43E96B76CF65B4848D76CCF6 /* Frameworks */ = {
			isa = PBXGroup;
			children = (
				C5AFDD8B02650A5D733C5B4A /* iOS */,
			);
			name = Frameworks;
			sourceTree = "<group>";
		};
		7A6A5EB9D44FF0B92B2E27FD /* AgentHost */ = {
			isa = PBXGroup;
			children = (
				4F0DE8AE9562223B2EE52839 /* AppDelegate.swift */,
			);
			name = AgentHost;
			path = AgentHost;
			sourceTree = "<group>";
		};
		826BC9BDDE3A8DE7D9E9B8AB /* AgentUITests */ = {
			isa = PBXGroup;
			children = (
				273E3ACA96586762483AFEFE /* JevAgentUITests.swift */,
			);
			name = AgentUITests;
			path = AgentUITests;
			sourceTree = "<group>";
		};
		C5AFDD8B02650A5D733C5B4A /* iOS */ = {
			isa = PBXGroup;
			children = (
				53A1087E7F64D3A200DED3CE /* Foundation.framework */,
			);
			name = iOS;
			sourceTree = "<group>";
		};
		E06C66A30B4688CAF49C8760 /* Products */ = {
			isa = PBXGroup;
			children = (
				5646DAB2350100A47913C1A9 /* JevAgentHost.app */,
				E8937F498574D8B7F7C497BA /* JevAgentUITests.xctest */,
			);
			name = Products;
			sourceTree = "<group>";
		};
/* End PBXGroup section */

/* Begin PBXNativeTarget section */
		24BA1DEF4C28257FC8D81568 /* JevAgentUITests */ = {
			isa = PBXNativeTarget;
			buildConfigurationList = 118795AFA29A80EE808A62EE /* Build configuration list for PBXNativeTarget "JevAgentUITests" */;
			buildPhases = (
				9A9B0C25475431ACB8C94A95 /* Sources */,
				88E0FA65B536582060686D16 /* Frameworks */,
				D2246A95C3C2BFC71A7AC444 /* Resources */,
			);
			buildRules = (
			);
			dependencies = (
				8D3B91DEB2C686CB6EC62982 /* PBXTargetDependency */,
			);
			name = JevAgentUITests;
			productName = JevAgentUITests;
			productReference = E8937F498574D8B7F7C497BA /* JevAgentUITests.xctest */;
			productType = "com.apple.product-type.bundle.ui-testing";
		};
		82CBF9D44F15D82CB039A299 /* JevAgentHost */ = {
			isa = PBXNativeTarget;
			buildConfigurationList = 90D6C957BCD06DD353DE1F29 /* Build configuration list for PBXNativeTarget "JevAgentHost" */;
			buildPhases = (
				B5984CD37B15519095C8F154 /* Sources */,
				7BBEA300BFB6BC15B2BAA893 /* Frameworks */,
				9A95EFE3CEE81923C815B504 /* Resources */,
			);
			buildRules = (
			);
			dependencies = (
			);
			name = JevAgentHost;
			productName = JevAgentHost;
			productReference = 5646DAB2350100A47913C1A9 /* JevAgentHost.app */;
			productType = "com.apple.product-type.application";
		};
/* End PBXNativeTarget section */

/* Begin PBXProject section */
		D7E820E7ED9A4D366034F533 /* Project object */ = {
			isa = PBXProject;
			attributes = {
				LastSwiftUpdateCheck = 1600;
				LastUpgradeCheck = 1600;
			};
			buildConfigurationList = C719BA00F65BC7F197BB67AF /* Build configuration list for PBXProject "JevAgent" */;
			compatibilityVersion = "Xcode 3.2";
			developmentRegion = en;
			hasScannedForEncodings = 0;
			knownRegions = (
				en,
				Base,
			);
			mainGroup = 26D7E1F8CED0240BD9B9AED1;
			minimizedProjectReferenceProxies = 0;
			preferredProjectObjectVersion = 77;
			productRefGroup = E06C66A30B4688CAF49C8760 /* Products */;
			projectDirPath = "";
			projectRoot = "";
			targets = (
				82CBF9D44F15D82CB039A299 /* JevAgentHost */,
				24BA1DEF4C28257FC8D81568 /* JevAgentUITests */,
			);
		};
/* End PBXProject section */

/* Begin PBXResourcesBuildPhase section */
		9A95EFE3CEE81923C815B504 /* Resources */ = {
			isa = PBXResourcesBuildPhase;
			buildActionMask = 2147483647;
			files = (
			);
			runOnlyForDeploymentPostprocessing = 0;
		};
		D2246A95C3C2BFC71A7AC444 /* Resources */ = {
			isa = PBXResourcesBuildPhase;
			buildActionMask = 2147483647;
			files = (
			);
			runOnlyForDeploymentPostprocessing = 0;
		};
/* End PBXResourcesBuildPhase section */

/* Begin PBXSourcesBuildPhase section */
		9A9B0C25475431ACB8C94A95 /* Sources */ = {
			isa = PBXSourcesBuildPhase;
			buildActionMask = 2147483647;
			files = (
				A1E1F29C60F0083980FF6C5F /* JevAgentUITests.swift in Sources */,
			);
			runOnlyForDeploymentPostprocessing = 0;
		};
		B5984CD37B15519095C8F154 /* Sources */ = {
			isa = PBXSourcesBuildPhase;
			buildActionMask = 2147483647;
			files = (
				567A0A26FD298C666A1A6D2D /* AppDelegate.swift in Sources */,
			);
			runOnlyForDeploymentPostprocessing = 0;
		};
/* End PBXSourcesBuildPhase section */

/* Begin PBXTargetDependency section */
		8D3B91DEB2C686CB6EC62982 /* PBXTargetDependency */ = {
			isa = PBXTargetDependency;
			name = JevAgentHost;
			target = 82CBF9D44F15D82CB039A299 /* JevAgentHost */;
			targetProxy = 6FA0F3C69EEE3BDD8CE1B89C /* PBXContainerItemProxy */;
		};
/* End PBXTargetDependency section */

/* Begin XCBuildConfiguration section */
		2206977A78CAD7B0CE5FAB8A /* Debug */ = {
			isa = XCBuildConfiguration;
			buildSettings = {
				ALWAYS_SEARCH_USER_PATHS = NO;
				CLANG_ANALYZER_NONNULL = YES;
				CLANG_ANALYZER_NUMBER_OBJECT_CONVERSION = YES_AGGRESSIVE;
				CLANG_CXX_LANGUAGE_STANDARD = "gnu++14";
				CLANG_CXX_LIBRARY = "libc++";
				CLANG_ENABLE_MODULES = YES;
				CLANG_ENABLE_OBJC_ARC = YES;
				CLANG_ENABLE_OBJC_WEAK = YES;
				CLANG_WARN_BLOCK_CAPTURE_AUTORELEASING = YES;
				CLANG_WARN_BOOL_CONVERSION = YES;
				CLANG_WARN_COMMA = YES;
				CLANG_WARN_CONSTANT_CONVERSION = YES;
				CLANG_WARN_DEPRECATED_OBJC_IMPLEMENTATIONS = YES;
				CLANG_WARN_DIRECT_OBJC_ISA_USAGE = YES_ERROR;
				CLANG_WARN_DOCUMENTATION_COMMENTS = YES;
				CLANG_WARN_EMPTY_BODY = YES;
				CLANG_WARN_ENUM_CONVERSION = YES;
				CLANG_WARN_INFINITE_RECURSION = YES;
				CLANG_WARN_INT_CONVERSION = YES;
				CLANG_WARN_NON_LITERAL_NULL_CONVERSION = YES;
				CLANG_WARN_OBJC_IMPLICIT_RETAIN_SELF = YES;
				CLANG_WARN_OBJC_LITERAL_CONVERSION = YES;
				CLANG_WARN_OBJC_ROOT_CLASS = YES_ERROR;
				CLANG_WARN_QUOTED_INCLUDE_IN_FRAMEWORK_HEADER = YES;
				CLANG_WARN_RANGE_LOOP_ANALYSIS = YES;
				CLANG_WARN_STRICT_PROTOTYPES = YES;
				CLANG_WARN_SUSPICIOUS_MOVE = YES;
				CLANG_WARN_UNGUARDED_AVAILABILITY = YES_AGGRESSIVE;
				CLANG_WARN_UNREACHABLE_CODE = YES;
				CLANG_WARN__DUPLICATE_METHOD_MATCH = YES;
				COPY_PHASE_STRIP = NO;
				DEBUG_INFORMATION_FORMAT = dwarf;
				ENABLE_STRICT_OBJC_MSGSEND = YES;
				ENABLE_TESTABILITY = YES;
				GCC_C_LANGUAGE_STANDARD = gnu11;
				GCC_DYNAMIC_NO_PIC = NO;
				GCC_NO_COMMON_BLOCKS = YES;
				GCC_OPTIMIZATION_LEVEL = 0;
				GCC_PREPROCESSOR_DEFINITIONS = (
					"DEBUG=1",
					"$(inherited)",
				);
				GCC_WARN_64_TO_32_BIT_CONVERSION = YES;
				GCC_WARN_ABOUT_RETURN_TYPE = YES_ERROR;
				GCC_WARN_UNDECLARED_SELECTOR = YES;
				GCC_WARN_UNINITIALIZED_AUTOS = YES_AGGRESSIVE;
				GCC_WARN_UNUSED_FUNCTION = YES;
				GCC_WARN_UNUSED_VARIABLE = YES;
				MTL_ENABLE_DEBUG_INFO = INCLUDE_SOURCE;
				MTL_FAST_MATH = YES;
				ONLY_ACTIVE_ARCH = YES;
				PRODUCT_NAME = "$(TARGET_NAME)";
				SWIFT_ACTIVE_COMPILATION_CONDITIONS = DEBUG;
				SWIFT_OPTIMIZATION_LEVEL = "-Onone";
				SWIFT_VERSION = 5.0;
			};
			name = Debug;
		};
		417F85BAF4040BAB8FD62802 /* Debug */ = {
			isa = XCBuildConfiguration;
			buildSettings = {
				ASSETCATALOG_COMPILER_APPICON_NAME = AppIcon;
				ASSETCATALOG_COMPILER_GLOBAL_ACCENT_COLOR_NAME = AccentColor;
				CLANG_ENABLE_OBJC_WEAK = NO;
				CODE_SIGNING_ALLOWED = NO;
				CODE_SIGN_IDENTITY = "";
				GENERATE_INFOPLIST_FILE = YES;
				INFOPLIST_KEY_UILaunchScreen_Generation = YES;
				IPHONEOS_DEPLOYMENT_TARGET = 17.0;
				LD_RUNPATH_SEARCH_PATHS = "$(inherited) @executable_path/Frameworks";
				PRODUCT_BUNDLE_IDENTIFIER = "dev.jevtest.agent$(JEVTEST_TEAM_SUFFIX).JevAgentHost";
				PRODUCT_NAME = "$(TARGET_NAME)";
				SDKROOT = iphoneos;
				SWIFT_VERSION = 5.0;
				TARGETED_DEVICE_FAMILY = "1,2";
			};
			name = Debug;
		};
		857C1EEBA36E8B772CB80D48 /* Release */ = {
			isa = XCBuildConfiguration;
			buildSettings = {
				ALWAYS_SEARCH_USER_PATHS = NO;
				CLANG_ANALYZER_NONNULL = YES;
				CLANG_ANALYZER_NUMBER_OBJECT_CONVERSION = YES_AGGRESSIVE;
				CLANG_CXX_LANGUAGE_STANDARD = "gnu++14";
				CLANG_CXX_LIBRARY = "libc++";
				CLANG_ENABLE_MODULES = YES;
				CLANG_ENABLE_OBJC_ARC = YES;
				CLANG_ENABLE_OBJC_WEAK = YES;
				CLANG_WARN_BLOCK_CAPTURE_AUTORELEASING = YES;
				CLANG_WARN_BOOL_CONVERSION = YES;
				CLANG_WARN_COMMA = YES;
				CLANG_WARN_CONSTANT_CONVERSION = YES;
				CLANG_WARN_DEPRECATED_OBJC_IMPLEMENTATIONS = YES;
				CLANG_WARN_DIRECT_OBJC_ISA_USAGE = YES_ERROR;
				CLANG_WARN_DOCUMENTATION_COMMENTS = YES;
				CLANG_WARN_EMPTY_BODY = YES;
				CLANG_WARN_ENUM_CONVERSION = YES;
				CLANG_WARN_INFINITE_RECURSION = YES;
				CLANG_WARN_INT_CONVERSION = YES;
				CLANG_WARN_NON_LITERAL_NULL_CONVERSION = YES;
				CLANG_WARN_OBJC_IMPLICIT_RETAIN_SELF = YES;
				CLANG_WARN_OBJC_LITERAL_CONVERSION = YES;
				CLANG_WARN_OBJC_ROOT_CLASS = YES_ERROR;
				CLANG_WARN_QUOTED_INCLUDE_IN_FRAMEWORK_HEADER = YES;
				CLANG_WARN_RANGE_LOOP_ANALYSIS = YES;
				CLANG_WARN_STRICT_PROTOTYPES = YES;
				CLANG_WARN_SUSPICIOUS_MOVE = YES;
				CLANG_WARN_UNGUARDED_AVAILABILITY = YES_AGGRESSIVE;
				CLANG_WARN_UNREACHABLE_CODE = YES;
				CLANG_WARN__DUPLICATE_METHOD_MATCH = YES;
				COPY_PHASE_STRIP = NO;
				DEBUG_INFORMATION_FORMAT = "dwarf-with-dsym";
				ENABLE_NS_ASSERTIONS = NO;
				ENABLE_STRICT_OBJC_MSGSEND = YES;
				GCC_C_LANGUAGE_STANDARD = gnu11;
				GCC_NO_COMMON_BLOCKS = YES;
				GCC_WARN_64_TO_32_BIT_CONVERSION = YES;
				GCC_WARN_ABOUT_RETURN_TYPE = YES_ERROR;
				GCC_WARN_UNDECLARED_SELECTOR = YES;
				GCC_WARN_UNINITIALIZED_AUTOS = YES_AGGRESSIVE;
				GCC_WARN_UNUSED_FUNCTION = YES;
				GCC_WARN_UNUSED_VARIABLE = YES;
				MTL_ENABLE_DEBUG_INFO = NO;
				MTL_FAST_MATH = YES;
				PRODUCT_NAME = "$(TARGET_NAME)";
				SWIFT_COMPILATION_MODE = wholemodule;
				SWIFT_OPTIMIZATION_LEVEL = "-O";
				SWIFT_VERSION = 5.0;
			};
			name = Release;
		};
		B587D1C7B71B752ADE4D2BE8 /* Debug */ = {
			isa = XCBuildConfiguration;
			buildSettings = {
				CLANG_ENABLE_OBJC_WEAK = NO;
				CODE_SIGNING_ALLOWED = NO;
				CODE_SIGN_IDENTITY = "";
				GENERATE_INFOPLIST_FILE = YES;
				IPHONEOS_DEPLOYMENT_TARGET = 17.0;
				PRODUCT_BUNDLE_IDENTIFIER = "dev.jevtest.agent$(JEVTEST_TEAM_SUFFIX).JevAgentUITests";
				PRODUCT_NAME = "$(TARGET_NAME)";
				SDKROOT = iphoneos;
				SWIFT_VERSION = 5.0;
				TEST_TARGET_NAME = JevAgentHost;
			};
			name = Debug;
		};
		E166B8A9D3FDC9B661A47FBD /* Release */ = {
			isa = XCBuildConfiguration;
			buildSettings = {
				CLANG_ENABLE_OBJC_WEAK = NO;
				CODE_SIGNING_ALLOWED = NO;
				CODE_SIGN_IDENTITY = "";
				GENERATE_INFOPLIST_FILE = YES;
				IPHONEOS_DEPLOYMENT_TARGET = 17.0;
				PRODUCT_BUNDLE_IDENTIFIER = "dev.jevtest.agent$(JEVTEST_TEAM_SUFFIX).JevAgentUITests";
				PRODUCT_NAME = "$(TARGET_NAME)";
				SDKROOT = iphoneos;
				SWIFT_VERSION = 5.0;
				TEST_TARGET_NAME = JevAgentHost;
				VALIDATE_PRODUCT = YES;
			};
			name = Release;
		};
		E4987F2BD4F14EA8C64D5775 /* Release */ = {
			isa = XCBuildConfiguration;
			buildSettings = {
				ASSETCATALOG_COMPILER_APPICON_NAME = AppIcon;
				ASSETCATALOG_COMPILER_GLOBAL_ACCENT_COLOR_NAME = AccentColor;
				CLANG_ENABLE_OBJC_WEAK = NO;
				CODE_SIGNING_ALLOWED = NO;
				CODE_SIGN_IDENTITY = "";
				GENERATE_INFOPLIST_FILE = YES;
				INFOPLIST_KEY_UILaunchScreen_Generation = YES;
				IPHONEOS_DEPLOYMENT_TARGET = 17.0;
				LD_RUNPATH_SEARCH_PATHS = "$(inherited) @executable_path/Frameworks";
				PRODUCT_BUNDLE_IDENTIFIER = "dev.jevtest.agent$(JEVTEST_TEAM_SUFFIX).JevAgentHost";
				PRODUCT_NAME = "$(TARGET_NAME)";
				SDKROOT = iphoneos;
				SWIFT_VERSION = 5.0;
				TARGETED_DEVICE_FAMILY = "1,2";
				VALIDATE_PRODUCT = YES;
			};
			name = Release;
		};
/* End XCBuildConfiguration section */

/* Begin XCConfigurationList section */
		118795AFA29A80EE808A62EE /* Build configuration list for PBXNativeTarget "JevAgentUITests" */ = {
			isa = XCConfigurationList;
			buildConfigurations = (
				E166B8A9D3FDC9B661A47FBD /* Release */,
				B587D1C7B71B752ADE4D2BE8 /* Debug */,
			);
			defaultConfigurationIsVisible = 0;
			defaultConfigurationName = Release;
		};
		90D6C957BCD06DD353DE1F29 /* Build configuration list for PBXNativeTarget "JevAgentHost" */ = {
			isa = XCConfigurationList;
			buildConfigurations = (
				E4987F2BD4F14EA8C64D5775 /* Release */,
				417F85BAF4040BAB8FD62802 /* Debug */,
			);
			defaultConfigurationIsVisible = 0;
			defaultConfigurationName = Release;
		};
		C719BA00F65BC7F197BB67AF /* Build configuration list for PBXProject "JevAgent" */ = {
			isa = XCConfigurationList;
			buildConfigurations = (
				2206977A78CAD7B0CE5FAB8A /* Debug */,
				857C1EEBA36E8B772CB80D48 /* Release */,
			);
			defaultConfigurationIsVisible = 0;
			defaultConfigurationName = Release;
		};
/* End XCConfigurationList section */
	};
	rootObject = D7E820E7ED9A4D366034F533 /* Project object */;
}
